
Microsoft Visual Studio Solution File, Format Version 12.00
# Visual Studio 2013
VisualStudioVersion = 12.0.30723.0
MinimumVisualStudioVersion = 10.0.40219.1
Project("{FAE04EC0-301F-11D3-BF4B-00C04F79EFBC}") = "WrapperGenerator", "WrapperGenerator\WrapperGenerator.csproj", "{6169E3DF-E665-4005-AA23-8A969C8F3B26}"
EndProject
Project("{FAE04EC0-301F-11D3-BF4B-00C04F79EFBC}") = "MS.Core", "MS.Core\MS.Core.csproj", "{C0A0F9B0-2CFA-47C1-8477-9FDAAD44F00F}"
EndProject
Project("{FAE04EC0-301F-11D3-BF4B-00C04F79EFBC}") = "WrapperGenerator.Console", "WrapperGenerator.Console\WrapperGenerator.Console.csproj", "{A26EA266-8948-42D9-ACCC-F6BBB49EB4A7}"
EndProject
Project("{FAE04EC0-301F-11D3-BF4B-00C04F79EFBC}") = "MS.System", "MS.System\MS.System.csproj", "{D5942F87-D674-400C-8DBD-7C2C32970710}"
EndProject
Project("{FAE04EC0-301F-11D3-BF4B-00C04F79EFBC}") = "Testbed", "Testbed\Testbed.csproj", "{B091E92B-0173-402A-A2FA-AA344BF38BEA}"
EndProject
Project("{2150E333-8FDC-42A3-9474-1A3956D46DE8}") = "Support", "Support", "{D96A94D5-F663-4CA9-B4CD-541A16C65D9C}"
EndProject
Project("{FAE04EC0-301F-11D3-BF4B-00C04F79EFBC}") = "ObservableTracer", "ObservableTracer\ObservableTracer.csproj", "{3733B999-1967-4A3D-B3EA-16E9800026F6}"
EndProject
Project("{2150E333-8FDC-42A3-9474-1A3956D46DE8}") = "ANTLR", "ANTLR", "{E7434FDF-81A6-4D05-9391-503B97E6696F}"
EndProject
Global
	GlobalSection(SolutionConfigurationPlatforms) = preSolution
		Debug|Any CPU = Debug|Any CPU
		Release|Any CPU = Release|Any CPU
	EndGlobalSection
	GlobalSection(ProjectConfigurationPlatforms) = postSolution
		{6169E3DF-E665-4005-AA23-8A969C8F3B26}.Debug|Any CPU.ActiveCfg = Debug|Any CPU
		{6169E3DF-E665-4005-AA23-8A969C8F3B26}.Debug|Any CPU.Build.0 = Debug|Any CPU
		{6169E3DF-E665-4005-AA23-8A969C8F3B26}.Release|Any CPU.ActiveCfg = Release|Any CPU
		{6169E3DF-E665-4005-AA23-8A969C8F3B26}.Release|Any CPU.Build.0 = Release|Any CPU
		{C0A0F9B0-2CFA-47C1-8477-9FDAAD44F00F}.Debug|Any CPU.ActiveCfg = Debug|Any CPU
		{C0A0F9B0-2CFA-47C1-8477-9FDAAD44F00F}.Debug|Any CPU.Build.0 = Debug|Any CPU
		{C0A0F9B0-2CFA-47C1-8477-9FDAAD44F00F}.Release|Any CPU.ActiveCfg = Release|Any CPU
		{C0A0F9B0-2CFA-47C1-8477-9FDAAD44F00F}.Release|Any CPU.Build.0 = Release|Any CPU
		{A26EA266-8948-42D9-ACCC-F6BBB49EB4A7}.Debug|Any CPU.ActiveCfg = Debug|Any CPU
		{A26EA266-8948-42D9-ACCC-F6BBB49EB4A7}.Debug|Any CPU.Build.0 = Debug|Any CPU
		{A26EA266-8948-42D9-ACCC-F6BBB49EB4A7}.Release|Any CPU.ActiveCfg = Release|Any CPU
		{A26EA266-8948-42D9-ACCC-F6BBB49EB4A7}.Release|Any CPU.Build.0 = Release|Any CPU
		{D5942F87-D674-400C-8DBD-7C2C32970710}.Debug|Any CPU.ActiveCfg = Debug|Any CPU
		{D5942F87-D674-400C-8DBD-7C2C32970710}.Debug|Any CPU.Build.0 = Debug|Any CPU
		{D5942F87-D674-400C-8DBD-7C2C32970710}.Release|Any CPU.ActiveCfg = Release|Any CPU
		{D5942F87-D674-400C-8DBD-7C2C32970710}.Release|Any CPU.Build.0 = Release|Any CPU
		{B091E92B-0173-402A-A2FA-AA344BF38BEA}.Debug|Any CPU.ActiveCfg = Debug|Any CPU
		{B091E92B-0173-402A-A2FA-AA344BF38BEA}.Debug|Any CPU.Build.0 = Debug|Any CPU
		{B091E92B-0173-402A-A2FA-AA344BF38BEA}.Release|Any CPU.ActiveCfg = Release|Any CPU
		{B091E92B-0173-402A-A2FA-AA344BF38BEA}.Release|Any CPU.Build.0 = Release|Any CPU
		{3733B999-1967-4A3D-B3EA-16E9800026F6}.Debug|Any CPU.ActiveCfg = Debug|Any CPU
		{3733B999-1967-4A3D-B3EA-16E9800026F6}.Debug|Any CPU.Build.0 = Debug|Any CPU
		{3733B999-1967-4A3D-B3EA-16E9800026F6}.Release|Any CPU.ActiveCfg = Release|Any CPU
		{3733B999-1967-4A3D-B3EA-16E9800026F6}.Release|Any CPU.Build.0 = Release|Any CPU
	EndGlobalSection
	GlobalSection(SolutionProperties) = preSolution
		HideSolutionNode = FALSE
	EndGlobalSection
	GlobalSection(NestedProjects) = preSolution
		{6169E3DF-E665-4005-AA23-8A969C8F3B26} = {D96A94D5-F663-4CA9-B4CD-541A16C65D9C}
		{A26EA266-8948-42D9-ACCC-F6BBB49EB4A7} = {D96A94D5-F663-4CA9-B4CD-541A16C65D9C}
		{B091E92B-0173-402A-A2FA-AA344BF38BEA} = {D96A94D5-F663-4CA9-B4CD-541A16C65D9C}
		{3733B999-1967-4A3D-B3EA-16E9800026F6} = {D96A94D5-F663-4CA9-B4CD-541A16C65D9C}
	EndGlobalSection
	GlobalSection(CodealikeProperties) = postSolution
		SolutionGuid = d8ffd199-0c8e-47dc-a5da-c42b0b79b054
	EndGlobalSection
EndGlobal
